
Microsoft Visual Studio Solution File, Format Version 12.00
# Visual Studio Version 16
VisualStudioVersion = 16.0.31410.357
MinimumVisualStudioVersion = 10.0.40219.1
Project("{2150E333-8FDC-42A3-9474-1A3956D46DE8}") = "Libraries", "Libraries", "{BF4BB2FE-613A-413E-9701-C0EC549652FA}"
EndProject
Project("{2150E333-8FDC-42A3-9474-1A3956D46DE8}") = "Services", "Services", "{A3841AD2-5D63-4DF1-9238-EED4AD2D45BF}"
EndProject
Project("{9A19103F-16F7-4668-BE54-9A1E7A4F7556}") = "Base", "Base\Base.csproj", "{634A8269-86CC-451F-B80D-58F09D2C6EEA}"
EndProject
Project("{9A19103F-16F7-4668-BE54-9A1E7A4F7556}") = "Framework.Web.API", "Framework.Web.API\Framework.Web.API.csproj", "{E36FAD2F-C06A-47A1-A105-F09D6FA973FD}"
EndProject
Project("{9A19103F-16F7-4668-BE54-9A1E7A4F7556}") = "Base.DB.SQLServer", "Base.DB.SQLServer\Base.DB.SQLServer.csproj", "{845B4775-132B-4AC2-BE39-4E3663ED3C70}"
EndProject
Project("{9A19103F-16F7-4668-BE54-9A1E7A4F7556}") = "Framework", "Framework\Framework.csproj", "{0335E5BF-4ED9-4805-BFB2-6883FF776661}"
EndProject
Project("{9A19103F-16F7-4668-BE54-9A1E7A4F7556}") = "Base.Web", "Base.Web\Base.Web.csproj", "{DD92C77F-C1A1-4D3A-9C33-C20E04E4BB72}"
EndProject
Project("{9A19103F-16F7-4668-BE54-9A1E7A4F7556}") = "Framework.Resource", "Framework.Resource\Framework.Resource.csproj", "{0D494CAD-4B00-4E8A-B43B-BC8ECE1AB6DB}"
EndProject
Project("{FAE04EC0-301F-11D3-BF4B-00C04F79EFBC}") = "Base.Generic", "Base.Generic\Base.Generic.csproj", "{1B548D6A-1A29-402C-AE0B-B85FE623EDFA}"
EndProject
Global
	GlobalSection(SolutionConfigurationPlatforms) = preSolution
		Debug|Any CPU = Debug|Any CPU
		Release|Any CPU = Release|Any CPU
	EndGlobalSection
	GlobalSection(ProjectConfigurationPlatforms) = postSolution
		{634A8269-86CC-451F-B80D-58F09D2C6EEA}.Debug|Any CPU.ActiveCfg = Debug|Any CPU
		{634A8269-86CC-451F-B80D-58F09D2C6EEA}.Debug|Any CPU.Build.0 = Debug|Any CPU
		{634A8269-86CC-451F-B80D-58F09D2C6EEA}.Release|Any CPU.ActiveCfg = Release|Any CPU
		{634A8269-86CC-451F-B80D-58F09D2C6EEA}.Release|Any CPU.Build.0 = Release|Any CPU
		{E36FAD2F-C06A-47A1-A105-F09D6FA973FD}.Debug|Any CPU.ActiveCfg = Debug|Any CPU
		{E36FAD2F-C06A-47A1-A105-F09D6FA973FD}.Debug|Any CPU.Build.0 = Debug|Any CPU
		{E36FAD2F-C06A-47A1-A105-F09D6FA973FD}.Release|Any CPU.ActiveCfg = Release|Any CPU
		{E36FAD2F-C06A-47A1-A105-F09D6FA973FD}.Release|Any CPU.Build.0 = Release|Any CPU
		{845B4775-132B-4AC2-BE39-4E3663ED3C70}.Debug|Any CPU.ActiveCfg = Debug|Any CPU
		{845B4775-132B-4AC2-BE39-4E3663ED3C70}.Debug|Any CPU.Build.0 = Debug|Any CPU
		{845B4775-132B-4AC2-BE39-4E3663ED3C70}.Release|Any CPU.ActiveCfg = Release|Any CPU
		{845B4775-132B-4AC2-BE39-4E3663ED3C70}.Release|Any CPU.Build.0 = Release|Any CPU
		{0335E5BF-4ED9-4805-BFB2-6883FF776661}.Debug|Any CPU.ActiveCfg = Debug|Any CPU
		{0335E5BF-4ED9-4805-BFB2-6883FF776661}.Debug|Any CPU.Build.0 = Debug|Any CPU
		{0335E5BF-4ED9-4805-BFB2-6883FF776661}.Release|Any CPU.ActiveCfg = Release|Any CPU
		{0335E5BF-4ED9-4805-BFB2-6883FF776661}.Release|Any CPU.Build.0 = Release|Any CPU
		{DD92C77F-C1A1-4D3A-9C33-C20E04E4BB72}.Debug|Any CPU.ActiveCfg = Debug|Any CPU
		{DD92C77F-C1A1-4D3A-9C33-C20E04E4BB72}.Debug|Any CPU.Build.0 = Debug|Any CPU
		{DD92C77F-C1A1-4D3A-9C33-C20E04E4BB72}.Release|Any CPU.ActiveCfg = Release|Any CPU
		{DD92C77F-C1A1-4D3A-9C33-C20E04E4BB72}.Release|Any CPU.Build.0 = Release|Any CPU
		{0D494CAD-4B00-4E8A-B43B-BC8ECE1AB6DB}.Debug|Any CPU.ActiveCfg = Debug|Any CPU
		{0D494CAD-4B00-4E8A-B43B-BC8ECE1AB6DB}.Debug|Any CPU.Build.0 = Debug|Any CPU
		{0D494CAD-4B00-4E8A-B43B-BC8ECE1AB6DB}.Release|Any CPU.ActiveCfg = Release|Any CPU
		{0D494CAD-4B00-4E8A-B43B-BC8ECE1AB6DB}.Release|Any CPU.Build.0 = Release|Any CPU
		{1B548D6A-1A29-402C-AE0B-B85FE623EDFA}.Debug|Any CPU.ActiveCfg = Debug|Any CPU
		{1B548D6A-1A29-402C-AE0B-B85FE623EDFA}.Debug|Any CPU.Build.0 = Debug|Any CPU
		{1B548D6A-1A29-402C-AE0B-B85FE623EDFA}.Release|Any CPU.ActiveCfg = Release|Any CPU
		{1B548D6A-1A29-402C-AE0B-B85FE623EDFA}.Release|Any CPU.Build.0 = Release|Any CPU
	EndGlobalSection
	GlobalSection(SolutionProperties) = preSolution
		HideSolutionNode = FALSE
	EndGlobalSection
	GlobalSection(NestedProjects) = preSolution
		{634A8269-86CC-451F-B80D-58F09D2C6EEA} = {BF4BB2FE-613A-413E-9701-C0EC549652FA}
		{E36FAD2F-C06A-47A1-A105-F09D6FA973FD} = {A3841AD2-5D63-4DF1-9238-EED4AD2D45BF}
		{845B4775-132B-4AC2-BE39-4E3663ED3C70} = {BF4BB2FE-613A-413E-9701-C0EC549652FA}
		{0335E5BF-4ED9-4805-BFB2-6883FF776661} = {A3841AD2-5D63-4DF1-9238-EED4AD2D45BF}
		{DD92C77F-C1A1-4D3A-9C33-C20E04E4BB72} = {BF4BB2FE-613A-413E-9701-C0EC549652FA}
		{0D494CAD-4B00-4E8A-B43B-BC8ECE1AB6DB} = {A3841AD2-5D63-4DF1-9238-EED4AD2D45BF}
		{1B548D6A-1A29-402C-AE0B-B85FE623EDFA} = {BF4BB2FE-613A-413E-9701-C0EC549652FA}
	EndGlobalSection
	GlobalSection(ExtensibilityGlobals) = postSolution
		SolutionGuid = {C1D5ACD6-AAFE-4C48-8669-12CB2C8BAEA0}
	EndGlobalSection
EndGlobal
